
Microsoft Visual Studio Solution File, Format Version 12.00
# Visual Studio Version 16
VisualStudioVersion = 16.0.33529.622
MinimumVisualStudioVersion = 10.0.40219.1
Project("{B1E792BE-AA5F-4E3C-8C82-674BF9C0715B}") = "S03-PingClient", "S03-PingClient\S03-PingClient.tsproj", "{1F7EA64A-1136-49B7-82C7-5DB52CA9FD72}"
EndProject
Global
	GlobalSection(SolutionConfigurationPlatforms) = preSolution
		Debug|TwinCAT CE7 (ARMV7) = Debug|TwinCAT CE7 (ARMV7)
		Debug|TwinCAT OS (x64) = Debug|TwinCAT OS (x64)
		Debug|TwinCAT RT (x64) = Debug|TwinCAT RT (x64)
		Debug|TwinCAT RT (x86) = Debug|TwinCAT RT (x86)
		Debug|TwinCAT UM (x64) = Debug|TwinCAT UM (x64)
		Debug|TwinCAT UM (x86) = Debug|TwinCAT UM (x86)
		Release|TwinCAT CE7 (ARMV7) = Release|TwinCAT CE7 (ARMV7)
		Release|TwinCAT OS (x64) = Release|TwinCAT OS (x64)
		Release|TwinCAT RT (x64) = Release|TwinCAT RT (x64)
		Release|TwinCAT RT (x86) = Release|TwinCAT RT (x86)
		Release|TwinCAT UM (x64) = Release|TwinCAT UM (x64)
		Release|TwinCAT UM (x86) = Release|TwinCAT UM (x86)
	EndGlobalSection
	GlobalSection(ProjectConfigurationPlatforms) = postSolution
		{1F7EA64A-1136-49B7-82C7-5DB52CA9FD72}.Debug|TwinCAT CE7 (ARMV7).ActiveCfg = Debug|TwinCAT CE7 (ARMV7)
		{1F7EA64A-1136-49B7-82C7-5DB52CA9FD72}.Debug|TwinCAT CE7 (ARMV7).Build.0 = Debug|TwinCAT CE7 (ARMV7)
		{1F7EA64A-1136-49B7-82C7-5DB52CA9FD72}.Debug|TwinCAT OS (x64).ActiveCfg = Debug|TwinCAT RT (x64)
		{1F7EA64A-1136-49B7-82C7-5DB52CA9FD72}.Debug|TwinCAT OS (x64).Build.0 = Debug|TwinCAT RT (x64)
		{1F7EA64A-1136-49B7-82C7-5DB52CA9FD72}.Debug|TwinCAT RT (x64).ActiveCfg = Debug|TwinCAT RT (x64)
		{1F7EA64A-1136-49B7-82C7-5DB52CA9FD72}.Debug|TwinCAT RT (x64).Build.0 = Debug|TwinCAT RT (x64)
		{1F7EA64A-1136-49B7-82C7-5DB52CA9FD72}.Debug|TwinCAT RT (x86).ActiveCfg = Debug|TwinCAT RT (x86)
		{1F7EA64A-1136-49B7-82C7-5DB52CA9FD72}.Debug|TwinCAT RT (x86).Build.0 = Debug|TwinCAT RT (x86)
		{1F7EA64A-1136-49B7-82C7-5DB52CA9FD72}.Debug|TwinCAT UM (x64).ActiveCfg = Debug|TwinCAT CE7 (ARMV7)
		{1F7EA64A-1136-49B7-82C7-5DB52CA9FD72}.Debug|TwinCAT UM (x86).ActiveCfg = Debug|TwinCAT CE7 (ARMV7)
		{1F7EA64A-1136-49B7-82C7-5DB52CA9FD72}.Release|TwinCAT CE7 (ARMV7).ActiveCfg = Release|TwinCAT CE7 (ARMV7)
		{1F7EA64A-1136-49B7-82C7-5DB52CA9FD72}.Release|TwinCAT CE7 (ARMV7).Build.0 = Release|TwinCAT CE7 (ARMV7)
		{1F7EA64A-1136-49B7-82C7-5DB52CA9FD72}.Release|TwinCAT OS (x64).ActiveCfg = Release|TwinCAT RT (x64)
		{1F7EA64A-1136-49B7-82C7-5DB52CA9FD72}.Release|TwinCAT OS (x64).Build.0 = Release|TwinCAT RT (x64)
		{1F7EA64A-1136-49B7-82C7-5DB52CA9FD72}.Release|TwinCAT RT (x64).ActiveCfg = Release|TwinCAT RT (x64)
		{1F7EA64A-1136-49B7-82C7-5DB52CA9FD72}.Release|TwinCAT RT (x64).Build.0 = Release|TwinCAT RT (x64)
		{1F7EA64A-1136-49B7-82C7-5DB52CA9FD72}.Release|TwinCAT RT (x86).ActiveCfg = Release|TwinCAT RT (x86)
		{1F7EA64A-1136-49B7-82C7-5DB52CA9FD72}.Release|TwinCAT RT (x86).Build.0 = Release|TwinCAT RT (x86)
		{1F7EA64A-1136-49B7-82C7-5DB52CA9FD72}.Release|TwinCAT UM (x64).ActiveCfg = Release|TwinCAT CE7 (ARMV7)
		{1F7EA64A-1136-49B7-82C7-5DB52CA9FD72}.Release|TwinCAT UM (x86).ActiveCfg = Release|TwinCAT CE7 (ARMV7)
		{139A4C28-9BD1-4670-92C4-95338A81CEAD}.Debug|TwinCAT CE7 (ARMV7).ActiveCfg = Debug|TwinCAT RT (x64)
		{139A4C28-9BD1-4670-92C4-95338A81CEAD}.Debug|TwinCAT OS (x64).ActiveCfg = Debug|TwinCAT OS (x64)
		{139A4C28-9BD1-4670-92C4-95338A81CEAD}.Debug|TwinCAT OS (x64).Build.0 = Debug|TwinCAT OS (x64)
		{139A4C28-9BD1-4670-92C4-95338A81CEAD}.Debug|TwinCAT RT (x64).ActiveCfg = Debug|TwinCAT RT (x64)
		{139A4C28-9BD1-4670-92C4-95338A81CEAD}.Debug|TwinCAT RT (x64).Build.0 = Debug|TwinCAT RT (x64)
		{139A4C28-9BD1-4670-92C4-95338A81CEAD}.Debug|TwinCAT RT (x86).ActiveCfg = Debug|TwinCAT RT (x86)
		{139A4C28-9BD1-4670-92C4-95338A81CEAD}.Debug|TwinCAT RT (x86).Build.0 = Debug|TwinCAT RT (x86)
		{139A4C28-9BD1-4670-92C4-95338A81CEAD}.Debug|TwinCAT UM (x64).ActiveCfg = Debug|TwinCAT UM (x64)
		{139A4C28-9BD1-4670-92C4-95338A81CEAD}.Debug|TwinCAT UM (x64).Build.0 = Debug|TwinCAT UM (x64)
		{139A4C28-9BD1-4670-92C4-95338A81CEAD}.Debug|TwinCAT UM (x86).ActiveCfg = Debug|TwinCAT UM (x86)
		{139A4C28-9BD1-4670-92C4-95338A81CEAD}.Debug|TwinCAT UM (x86).Build.0 = Debug|TwinCAT UM (x86)
		{139A4C28-9BD1-4670-92C4-95338A81CEAD}.Release|TwinCAT CE7 (ARMV7).ActiveCfg = Release|TwinCAT RT (x64)
		{139A4C28-9BD1-4670-92C4-95338A81CEAD}.Release|TwinCAT OS (x64).ActiveCfg = Release|TwinCAT OS (x64)
		{139A4C28-9BD1-4670-92C4-95338A81CEAD}.Release|TwinCAT OS (x64).Build.0 = Release|TwinCAT OS (x64)
		{139A4C28-9BD1-4670-92C4-95338A81CEAD}.Release|TwinCAT RT (x64).ActiveCfg = Release|TwinCAT RT (x64)
		{139A4C28-9BD1-4670-92C4-95338A81CEAD}.Release|TwinCAT RT (x64).Build.0 = Release|TwinCAT RT (x64)
		{139A4C28-9BD1-4670-92C4-95338A81CEAD}.Release|TwinCAT RT (x86).ActiveCfg = Release|TwinCAT RT (x86)
		{139A4C28-9BD1-4670-92C4-95338A81CEAD}.Release|TwinCAT RT (x86).Build.0 = Release|TwinCAT RT (x86)
		{139A4C28-9BD1-4670-92C4-95338A81CEAD}.Release|TwinCAT UM (x64).ActiveCfg = Release|TwinCAT UM (x64)
		{139A4C28-9BD1-4670-92C4-95338A81CEAD}.Release|TwinCAT UM (x64).Build.0 = Release|TwinCAT UM (x64)
		{139A4C28-9BD1-4670-92C4-95338A81CEAD}.Release|TwinCAT UM (x86).ActiveCfg = Release|TwinCAT UM (x86)
		{139A4C28-9BD1-4670-92C4-95338A81CEAD}.Release|TwinCAT UM (x86).Build.0 = Release|TwinCAT UM (x86)
	EndGlobalSection
	GlobalSection(SolutionProperties) = preSolution
		HideSolutionNode = FALSE
	EndGlobalSection
	GlobalSection(ExtensibilityGlobals) = postSolution
		SolutionGuid = {EC2097F1-903F-4B96-8671-55C23FFB53F5}
	EndGlobalSection
EndGlobal
