<?xml version="1.0" encoding="utf-8"?>
<Project ToolsVersion="4.0" xmlns="http://schemas.microsoft.com/developer/msbuild/2003">
  <ItemGroup>
    <Filter Include="Header Files">
      <UniqueIdentifier>{88241fee-78ef-4b9c-81ab-111b749a9114}</UniqueIdentifier>
    </Filter>
    <Filter Include="Source Files">
      <UniqueIdentifier>{5e652bac-9d1f-4a8e-b16d-009c82b64571}</UniqueIdentifier>
    </Filter>
    <Filter Include="TwinCAT UM Files">
      <UniqueIdentifier>{e011088a-a400-4ee9-89e5-377278b165db}</UniqueIdentifier>
    </Filter>
    <Filter Include="TwinCAT RT Files">
      <UniqueIdentifier>{49a81a4e-b2ef-4ac0-bf85-a2782566a1d4}</UniqueIdentifier>
    </Filter>
    <Filter Include="TMC Files">
      <UniqueIdentifier>{0c0ce783-37ed-49fc-a89d-537a29445bf4}</UniqueIdentifier>
    </Filter>
    <Filter Include="TwinCAT OS Files">
      <UniqueIdentifier>{dd197662-511f-4f1b-8860-cf7308e7fe30}</UniqueIdentifier>
    </Filter>
  </ItemGroup>
  <ItemGroup>
    <ClInclude Include="Resource.h">
      <Filter>Header Files</Filter>
    </ClInclude>
    <ClInclude Include="TcPch.h">
      <Filter>Header Files</Filter>
    </ClInclude>
    <ClInclude Include="UdpDemoClassFactory.h">
      <Filter>Header Files</Filter>
    </ClInclude>
    <ClInclude Include="UdpDemoInterfaces.h">
      <Filter>Header Files</Filter>
    </ClInclude>
    <ClInclude Include="UdpDemoServices.h">
      <Filter>Header Files</Filter>
    </ClInclude>
    <ClInclude Include="UdpDemoCtrl.h">
      <Filter>TwinCAT UM Files</Filter>
    </ClInclude>
    <ClInclude Include="UdpDemoDriver.h">
      <Filter>TwinCAT RT Files</Filter>
    </ClInclude>
    <ClInclude Include="UdpDemo.h">
      <Filter>Header Files</Filter>
    </ClInclude>
  </ItemGroup>
  <ItemGroup>
    <ClCompile Include="TcPch.cpp">
      <Filter>Source Files</Filter>
    </ClCompile>
    <ClCompile Include="UdpDemoClassFactory.cpp">
      <Filter>Source Files</Filter>
    </ClCompile>
    <ClCompile Include="UdpDemoCtrl.cpp">
      <Filter>TwinCAT UM Files</Filter>
    </ClCompile>
    <ClCompile Include="UdpDemoW32.cpp">
      <Filter>TwinCAT UM Files</Filter>
    </ClCompile>
    <ClCompile Include="UdpDemoDriver.cpp">
      <Filter>TwinCAT RT Files</Filter>
    </ClCompile>
    <ClCompile Include="UdpDemo.cpp">
      <Filter>Source Files</Filter>
    </ClCompile>
    <ClCompile Include="UdpDemoMain.cpp">
      <Filter>TwinCAT OS Files</Filter>
    </ClCompile>
  </ItemGroup>
  <ItemGroup>
    <ResourceCompile Include="UdpDemo.rc">
      <Filter>Source Files</Filter>
    </ResourceCompile>
    <ResourceCompile Include="UdpDemoW32.rc">
      <Filter>TwinCAT UM Files</Filter>
    </ResourceCompile>
  </ItemGroup>
  <ItemGroup>
    <None Include="UdpDemoW32.def">
      <Filter>TwinCAT UM Files</Filter>
    </None>
    <None Include="UdpDemo.tmc">
      <Filter>TMC Files</Filter>
    </None>
  </ItemGroup>
  <ItemGroup>
    <Midl Include="UdpDemoW32.idl">
      <Filter>TwinCAT UM Files</Filter>
    </Midl>
  </ItemGroup>
</Project>