<?xml version="1.0" encoding="utf-8"?>
<Project ToolsVersion="4.0" xmlns="http://schemas.microsoft.com/developer/msbuild/2003">
  <ItemGroup>
    <Filter Include="Header Files">
      <UniqueIdentifier>{f9d3ced6-bc55-42cf-a9b1-d6670fa49454}</UniqueIdentifier>
    </Filter>
    <Filter Include="Source Files">
      <UniqueIdentifier>{6eac0c32-92f8-4b7a-ae12-f1ee52f20abd}</UniqueIdentifier>
    </Filter>
    <Filter Include="TwinCAT UM Files">
      <UniqueIdentifier>{ad0ee842-818c-43b4-80ec-b2fb4366b86d}</UniqueIdentifier>
    </Filter>
    <Filter Include="TwinCAT RT Files">
      <UniqueIdentifier>{20e32a6a-4cb2-4c66-94ca-8f17d9864bfb}</UniqueIdentifier>
    </Filter>
    <Filter Include="TMC Files">
      <UniqueIdentifier>{5dc09b9a-7c52-4f91-a9a0-f18e9514b3b4}</UniqueIdentifier>
    </Filter>
    <Filter Include="TwinCAT OS Files">
      <UniqueIdentifier>{81930526-60e7-49dc-8c4c-f5fb6f84a977}</UniqueIdentifier>
    </Filter>
  </ItemGroup>
  <ItemGroup>
    <ClInclude Include="Resource.h">
      <Filter>Header Files</Filter>
    </ClInclude>
    <ClInclude Include="TcPch.h">
      <Filter>Header Files</Filter>
    </ClInclude>
    <ClInclude Include="PingClientClassFactory.h">
      <Filter>Header Files</Filter>
    </ClInclude>
    <ClInclude Include="PingClientInterfaces.h">
      <Filter>Header Files</Filter>
    </ClInclude>
    <ClInclude Include="PingClientServices.h">
      <Filter>Header Files</Filter>
    </ClInclude>
    <ClInclude Include="PingClientCtrl.h">
      <Filter>TwinCAT UM Files</Filter>
    </ClInclude>
    <ClInclude Include="PingClientDriver.h">
      <Filter>TwinCAT RT Files</Filter>
    </ClInclude>
    <ClInclude Include="PingModule.h">
      <Filter>Header Files</Filter>
    </ClInclude>
  </ItemGroup>
  <ItemGroup>
    <ClCompile Include="TcPch.cpp">
      <Filter>Source Files</Filter>
    </ClCompile>
    <ClCompile Include="PingClientClassFactory.cpp">
      <Filter>Source Files</Filter>
    </ClCompile>
    <ClCompile Include="PingClientCtrl.cpp">
      <Filter>TwinCAT UM Files</Filter>
    </ClCompile>
    <ClCompile Include="PingClientW32.cpp">
      <Filter>TwinCAT UM Files</Filter>
    </ClCompile>
    <ClCompile Include="PingClientDriver.cpp">
      <Filter>TwinCAT RT Files</Filter>
    </ClCompile>
    <ClCompile Include="PingModule.cpp">
      <Filter>Source Files</Filter>
    </ClCompile>
    <ClCompile Include="PingClientMain.cpp">
      <Filter>TwinCAT OS Files</Filter>
    </ClCompile>
  </ItemGroup>
  <ItemGroup>
    <ResourceCompile Include="PingClient.rc">
      <Filter>Source Files</Filter>
    </ResourceCompile>
    <ResourceCompile Include="PingClientW32.rc">
      <Filter>TwinCAT UM Files</Filter>
    </ResourceCompile>
  </ItemGroup>
  <ItemGroup>
    <None Include="PingClientW32.def">
      <Filter>TwinCAT UM Files</Filter>
    </None>
    <None Include="PingClient.tmc">
      <Filter>TMC Files</Filter>
    </None>
  </ItemGroup>
  <ItemGroup>
    <Midl Include="PingClientW32.idl">
      <Filter>TwinCAT UM Files</Filter>
    </Midl>
  </ItemGroup>
</Project>